// !$*UTF8*$!
{
	archiveVersion = 1;
	classes = {
	};
	objectVersion = 50;
	objects = {

/* Begin PBXBuildFile section */
		93464D54B4F194D8ED46C01A /* Pods_Todoey.framework in Frameworks */ = {isa = PBXBuildFile; fileRef = 0011CD9D698D06290A810A09 /* Pods_Todoey.framework */; };
		EEF315A720961BC000A80023 /* AppDelegate.swift in Sources */ = {isa = PBXBuildFile; fileRef = EEF315A620961BC000A80023 /* AppDelegate.swift */; };
		EEF315A920961BC000A80023 /* TodoListViewController.swift in Sources */ = {isa = PBXBuildFile; fileRef = EEF315A820961BC000A80023 /* TodoListViewController.swift */; };
		EEF315AC20961BC000A80023 /* Main.storyboard in Resources */ = {isa = PBXBuildFile; fileRef = EEF315AA20961BC000A80023 /* Main.storyboard */; };
		EEF315AE20961BC000A80023 /* Assets.xcassets in Resources */ = {isa = PBXBuildFile; fileRef = EEF315AD20961BC000A80023 /* Assets.xcassets */; };
		EEF315B120961BC000A80023 /* LaunchScreen.storyboard in Resources */ = {isa = PBXBuildFile; fileRef = EEF315AF20961BC000A80023 /* LaunchScreen.storyboard */; };
		EEFA89AC209F6C94000DCDAF /* CategoryViewController.swift in Sources */ = {isa = PBXBuildFile; fileRef = EEFA89AB209F6C94000DCDAF /* CategoryViewController.swift */; };
		EEFCB77920A075BB00473A73 /* Item.swift in Sources */ = {isa = PBXBuildFile; fileRef = EEFCB77820A075BB00473A73 /* Item.swift */; };
		EEFCB77B20A075DB00473A73 /* Category.swift in Sources */ = {isa = PBXBuildFile; fileRef = EEFCB77A20A075DB00473A73 /* Category.swift */; };
/* End PBXBuildFile section */

/* Begin PBXFileReference section */
		0011CD9D698D06290A810A09 /* Pods_Todoey.framework */ = {isa = PBXFileReference; explicitFileType = wrapper.framework; includeInIndex = 0; path = Pods_Todoey.framework; sourceTree = BUILT_PRODUCTS_DIR; };
		3193A0EEBBE94785DCD87F8D /* Pods-Todoey.debug.xcconfig */ = {isa = PBXFileReference; includeInIndex = 1; lastKnownFileType = text.xcconfig; name = "Pods-Todoey.debug.xcconfig"; path = "Pods/Target Support Files/Pods-Todoey/Pods-Todoey.debug.xcconfig"; sourceTree = "<group>"; };
		4E5EEA9838BEF8C935515879 /* Pods-Todoey.release.xcconfig */ = {isa = PBXFileReference; includeInIndex = 1; lastKnownFileType = text.xcconfig; name = "Pods-Todoey.release.xcconfig"; path = "Pods/Target Support Files/Pods-Todoey/Pods-Todoey.release.xcconfig"; sourceTree = "<group>"; };
		EEF315A320961BC000A80023 /* Todoey.app */ = {isa = PBXFileReference; explicitFileType = wrapper.application; includeInIndex = 0; path = Todoey.app; sourceTree = BUILT_PRODUCTS_DIR; };
		EEF315A620961BC000A80023 /* AppDelegate.swift */ = {isa = PBXFileReference; lastKnownFileType = sourcecode.swift; path = AppDelegate.swift; sourceTree = "<group>"; };
		EEF315A820961BC000A80023 /* TodoListViewController.swift */ = {isa = PBXFileReference; lastKnownFileType = sourcecode.swift; path = TodoListViewController.swift; sourceTree = "<group>"; };
		EEF315AB20961BC000A80023 /* Base */ = {isa = PBXFileReference; lastKnownFileType = file.storyboard; name = Base; path = Base.lproj/Main.storyboard; sourceTree = "<group>"; };
		EEF315AD20961BC000A80023 /* Assets.xcassets */ = {isa = PBXFileReference; lastKnownFileType = folder.assetcatalog; path = Assets.xcassets; sourceTree = "<group>"; };
		EEF315B020961BC000A80023 /* Base */ = {isa = PBXFileReference; lastKnownFileType = file.storyboard; name = Base; path = Base.lproj/LaunchScreen.storyboard; sourceTree = "<group>"; };
		EEF315B220961BC000A80023 /* Info.plist */ = {isa = PBXFileReference; lastKnownFileType = text.plist; name = Info.plist; path = ../Info.plist; sourceTree = "<group>"; };
		EEFA89AB209F6C94000DCDAF /* CategoryViewController.swift */ = {isa = PBXFileReference; lastKnownFileType = sourcecode.swift; path = CategoryViewController.swift; sourceTree = "<group>"; };
		EEFCB77820A075BB00473A73 /* Item.swift */ = {isa = PBXFileReference; lastKnownFileType = sourcecode.swift; path = Item.swift; sourceTree = "<group>"; };
		EEFCB77A20A075DB00473A73 /* Category.swift */ = {isa = PBXFileReference; lastKnownFileType = sourcecode.swift; path = Category.swift; sourceTree = "<group>"; };
/* End PBXFileReference section */

/* Begin PBXFrameworksBuildPhase section */
		EEF315A020961BC000A80023 /* Frameworks */ = {
			isa = PBXFrameworksBuildPhase;
			buildActionMask = 2147483647;
			files = (
				93464D54B4F194D8ED46C01A /* Pods_Todoey.framework in Frameworks */,
			);
			runOnlyForDeploymentPostprocessing = 0;
		};
/* End PBXFrameworksBuildPhase section */

/* Begin PBXGroup section */
		67E1B6AD6938FA072AF388A7 /* Pods */ = {
			isa = PBXGroup;
			children = (
				3193A0EEBBE94785DCD87F8D /* Pods-Todoey.debug.xcconfig */,
				4E5EEA9838BEF8C935515879 /* Pods-Todoey.release.xcconfig */,
			);
			name = Pods;
			sourceTree = "<group>";
		};
		EE93517220992CBE0024E7CB /* Data Model */ = {
			isa = PBXGroup;
			children = (
				EEFCB77A20A075DB00473A73 /* Category.swift */,
				EEFCB77820A075BB00473A73 /* Item.swift */,
			);
			name = "Data Model";
			path = "New Group";
			sourceTree = "<group>";
		};
		EE93517420992D030024E7CB /* Controllers */ = {
			isa = PBXGroup;
			children = (
				EEFA89AB209F6C94000DCDAF /* CategoryViewController.swift */,
				EEF315A820961BC000A80023 /* TodoListViewController.swift */,
			);
			path = Controllers;
			sourceTree = "<group>";
		};
		EE93517520992D170024E7CB /* Views */ = {
			isa = PBXGroup;
			children = (
				EEF315AA20961BC000A80023 /* Main.storyboard */,
			);
			path = Views;
			sourceTree = "<group>";
		};
		EE93517620992D2C0024E7CB /* Supporting Files */ = {
			isa = PBXGroup;
			children = (
				EEF315AD20961BC000A80023 /* Assets.xcassets */,
				EEF315AF20961BC000A80023 /* LaunchScreen.storyboard */,
			);
			path = "Supporting Files";
			sourceTree = "<group>";
		};
		EEF3159A20961BC000A80023 = {
			isa = PBXGroup;
			children = (
				EEF315A520961BC000A80023 /* Todoey */,
				EEF315A420961BC000A80023 /* Products */,
				67E1B6AD6938FA072AF388A7 /* Pods */,
				F1F192C1FA7E4C6F14A2595E /* Frameworks */,
			);
			sourceTree = "<group>";
		};
		EEF315A420961BC000A80023 /* Products */ = {
			isa = PBXGroup;
			children = (
				EEF315A320961BC000A80023 /* Todoey.app */,
			);
			name = Products;
			sourceTree = "<group>";
		};
		EEF315A520961BC000A80023 /* Todoey */ = {
			isa = PBXGroup;
			children = (
				EEF315A620961BC000A80023 /* AppDelegate.swift */,
				EE93517620992D2C0024E7CB /* Supporting Files */,
				EEF315B220961BC000A80023 /* Info.plist */,
				EE93517520992D170024E7CB /* Views */,
				EE93517420992D030024E7CB /* Controllers */,
				EE93517220992CBE0024E7CB /* Data Model */,
			);
			path = Todoey;
			sourceTree = "<group>";
		};
		F1F192C1FA7E4C6F14A2595E /* Frameworks */ = {
			isa = PBXGroup;
			children = (
				0011CD9D698D06290A810A09 /* Pods_Todoey.framework */,
			);
			name = Frameworks;
			sourceTree = "<group>";
		};
/* End PBXGroup section */

/* Begin PBXNativeTarget section */
		EEF315A220961BC000A80023 /* Todoey */ = {
			isa = PBXNativeTarget;
			buildConfigurationList = EEF315B520961BC000A80023 /* Build configuration list for PBXNativeTarget "Todoey" */;
			buildPhases = (
				AD657817312947594D97B63B /* [CP] Check Pods Manifest.lock */,
				EEF3159F20961BC000A80023 /* Sources */,
				EEF315A020961BC000A80023 /* Frameworks */,
				EEF315A120961BC000A80023 /* Resources */,
				381B82C7829A1C6257E4FBFE /* [CP] Embed Pods Frameworks */,
			);
			buildRules = (
			);
			dependencies = (
			);
			name = Todoey;
			productName = Todoey;
			productReference = EEF315A320961BC000A80023 /* Todoey.app */;
			productType = "com.apple.product-type.application";
		};
/* End PBXNativeTarget section */

/* Begin PBXProject section */
		EEF3159B20961BC000A80023 /* Project object */ = {
			isa = PBXProject;
			attributes = {
				LastSwiftUpdateCheck = 0930;
				LastUpgradeCheck = 0930;
				ORGANIZATIONNAME = "Terance Mwamuka";
				TargetAttributes = {
					EEF315A220961BC000A80023 = {
						CreatedOnToolsVersion = 9.3;
					};
				};
			};
			buildConfigurationList = EEF3159E20961BC000A80023 /* Build configuration list for PBXProject "Todoey" */;
			compatibilityVersion = "Xcode 9.3";
			developmentRegion = en;
			hasScannedForEncodings = 0;
			knownRegions = (
				en,
				Base,
			);
			mainGroup = EEF3159A20961BC000A80023;
			productRefGroup = EEF315A420961BC000A80023 /* Products */;
			projectDirPath = "";
			projectRoot = "";
			targets = (
				EEF315A220961BC000A80023 /* Todoey */,
			);
		};
/* End PBXProject section */

/* Begin PBXResourcesBuildPhase section */
		EEF315A120961BC000A80023 /* Resources */ = {
			isa = PBXResourcesBuildPhase;
			buildActionMask = 2147483647;
			files = (
				EEF315B120961BC000A80023 /* LaunchScreen.storyboard in Resources */,
				EEF315AE20961BC000A80023 /* Assets.xcassets in Resources */,
				EEF315AC20961BC000A80023 /* Main.storyboard in Resources */,
			);
			runOnlyForDeploymentPostprocessing = 0;
		};
/* End PBXResourcesBuildPhase section */

/* Begin PBXShellScriptBuildPhase section */
		381B82C7829A1C6257E4FBFE /* [CP] Embed Pods Frameworks */ = {
			isa = PBXShellScriptBuildPhase;
			buildActionMask = 2147483647;
			files = (
			);
			inputPaths = (
				"${SRCROOT}/Pods/Target Support Files/Pods-Todoey/Pods-Todoey-frameworks.sh",
				"${BUILT_PRODUCTS_DIR}/Realm/Realm.framework",
				"${BUILT_PRODUCTS_DIR}/RealmSwift/RealmSwift.framework",
			);
			name = "[CP] Embed Pods Frameworks";
			outputPaths = (
				"${TARGET_BUILD_DIR}/${FRAMEWORKS_FOLDER_PATH}/Realm.framework",
				"${TARGET_BUILD_DIR}/${FRAMEWORKS_FOLDER_PATH}/RealmSwift.framework",
			);
			runOnlyForDeploymentPostprocessing = 0;
			shellPath = /bin/sh;
			shellScript = "\"${SRCROOT}/Pods/Target Support Files/Pods-Todoey/Pods-Todoey-frameworks.sh\"\n";
			showEnvVarsInLog = 0;
		};
		AD657817312947594D97B63B /* [CP] Check Pods Manifest.lock */ = {
			isa = PBXShellScriptBuildPhase;
			buildActionMask = 2147483647;
			files = (
			);
			inputPaths = (
				"${PODS_PODFILE_DIR_PATH}/Podfile.lock",
				"${PODS_ROOT}/Manifest.lock",
			);
			name = "[CP] Check Pods Manifest.lock";
			outputPaths = (
				"$(DERIVED_FILE_DIR)/Pods-Todoey-checkManifestLockResult.txt",
			);
			runOnlyForDeploymentPostprocessing = 0;
			shellPath = /bin/sh;
			shellScript = "diff \"${PODS_PODFILE_DIR_PATH}/Podfile.lock\" \"${PODS_ROOT}/Manifest.lock\" > /dev/null\nif [ $? != 0 ] ; then\n    # print error to STDERR\n    echo \"error: The sandbox is not in sync with the Podfile.lock. Run 'pod install' or update your CocoaPods installation.\" >&2\n    exit 1\nfi\n# This output is used by Xcode 'outputs' to avoid re-running this script phase.\necho \"SUCCESS\" > \"${SCRIPT_OUTPUT_FILE_0}\"\n";
			showEnvVarsInLog = 0;
		};
/* End PBXShellScriptBuildPhase section */

/* Begin PBXSourcesBuildPhase section */
		EEF3159F20961BC000A80023 /* Sources */ = {
			isa = PBXSourcesBuildPhase;
			buildActionMask = 2147483647;
			files = (
				EEFCB77920A075BB00473A73 /* Item.swift in Sources */,
				EEFA89AC209F6C94000DCDAF /* CategoryViewController.swift in Sources */,
				EEF315A920961BC000A80023 /* TodoListViewController.swift in Sources */,
				EEF315A720961BC000A80023 /* AppDelegate.swift in Sources */,
				EEFCB77B20A075DB00473A73 /* Category.swift in Sources */,
			);
			runOnlyForDeploymentPostprocessing = 0;
		};
/* End PBXSourcesBuildPhase section */

/* Begin PBXVariantGroup section */
		EEF315AA20961BC000A80023 /* Main.storyboard */ = {
			isa = PBXVariantGroup;
			children = (
				EEF315AB20961BC000A80023 /* Base */,
			);
			name = Main.storyboard;
			sourceTree = "<group>";
		};
		EEF315AF20961BC000A80023 /* LaunchScreen.storyboard */ = {
			isa = PBXVariantGroup;
			children = (
				EEF315B020961BC000A80023 /* Base */,
			);
			name = LaunchScreen.storyboard;
			sourceTree = "<group>";
		};
/* End PBXVariantGroup section */

/* Begin XCBuildConfiguration section */
		EEF315B320961BC000A80023 /* Debug */ = {
			isa = XCBuildConfiguration;
			buildSettings = {
				ALWAYS_SEARCH_USER_PATHS = NO;
				CLANG_ANALYZER_NONNULL = YES;
				CLANG_ANALYZER_NUMBER_OBJECT_CONVERSION = YES_AGGRESSIVE;
				CLANG_CXX_LANGUAGE_STANDARD = "gnu++14";
				CLANG_CXX_LIBRARY = "libc++";
				CLANG_ENABLE_MODULES = YES;
				CLANG_ENABLE_OBJC_ARC = YES;
				CLANG_ENABLE_OBJC_WEAK = YES;
				CLANG_WARN_BLOCK_CAPTURE_AUTORELEASING = YES;
				CLANG_WARN_BOOL_CONVERSION = YES;
				CLANG_WARN_COMMA = YES;
				CLANG_WARN_CONSTANT_CONVERSION = YES;
				CLANG_WARN_DEPRECATED_OBJC_IMPLEMENTATIONS = YES;
				CLANG_WARN_DIRECT_OBJC_ISA_USAGE = YES_ERROR;
				CLANG_WARN_DOCUMENTATION_COMMENTS = YES;
				CLANG_WARN_EMPTY_BODY = YES;
				CLANG_WARN_ENUM_CONVERSION = YES;
				CLANG_WARN_INFINITE_RECURSION = YES;
				CLANG_WARN_INT_CONVERSION = YES;
				CLANG_WARN_NON_LITERAL_NULL_CONVERSION = YES;
				CLANG_WARN_OBJC_IMPLICIT_RETAIN_SELF = YES;
				CLANG_WARN_OBJC_LITERAL_CONVERSION = YES;
				CLANG_WARN_OBJC_ROOT_CLASS = YES_ERROR;
				CLANG_WARN_RANGE_LOOP_ANALYSIS = YES;
				CLANG_WARN_STRICT_PROTOTYPES = YES;
				CLANG_WARN_SUSPICIOUS_MOVE = YES;
				CLANG_WARN_UNGUARDED_AVAILABILITY = YES_AGGRESSIVE;
				CLANG_WARN_UNREACHABLE_CODE = YES;
				CLANG_WARN__DUPLICATE_METHOD_MATCH = YES;
				CODE_SIGN_IDENTITY = "iPhone Developer";
				COPY_PHASE_STRIP = NO;
				DEBUG_INFORMATION_FORMAT = dwarf;
				ENABLE_STRICT_OBJC_MSGSEND = YES;
				ENABLE_TESTABILITY = YES;
				GCC_C_LANGUAGE_STANDARD = gnu11;
				GCC_DYNAMIC_NO_PIC = NO;
				GCC_NO_COMMON_BLOCKS = YES;
				GCC_OPTIMIZATION_LEVEL = 0;
				GCC_PREPROCESSOR_DEFINITIONS = (
					"DEBUG=1",
					"$(inherited)",
				);
				GCC_WARN_64_TO_32_BIT_CONVERSION = YES;
				GCC_WARN_ABOUT_RETURN_TYPE = YES_ERROR;
				GCC_WARN_UNDECLARED_SELECTOR = YES;
				GCC_WARN_UNINITIALIZED_AUTOS = YES_AGGRESSIVE;
				GCC_WARN_UNUSED_FUNCTION = YES;
				GCC_WARN_UNUSED_VARIABLE = YES;
				IPHONEOS_DEPLOYMENT_TARGET = 11.3;
				MTL_ENABLE_DEBUG_INFO = YES;
				ONLY_ACTIVE_ARCH = YES;
				SDKROOT = iphoneos;
				SWIFT_ACTIVE_COMPILATION_CONDITIONS = DEBUG;
				SWIFT_OPTIMIZATION_LEVEL = "-Onone";
			};
			name = Debug;
		};
		EEF315B420961BC000A80023 /* Release */ = {
			isa = XCBuildConfiguration;
			buildSettings = {
				ALWAYS_SEARCH_USER_PATHS = NO;
				CLANG_ANALYZER_NONNULL = YES;
				CLANG_ANALYZER_NUMBER_OBJECT_CONVERSION = YES_AGGRESSIVE;
				CLANG_CXX_LANGUAGE_STANDARD = "gnu++14";
				CLANG_CXX_LIBRARY = "libc++";
				CLANG_ENABLE_MODULES = YES;
				CLANG_ENABLE_OBJC_ARC = YES;
				CLANG_ENABLE_OBJC_WEAK = YES;
				CLANG_WARN_BLOCK_CAPTURE_AUTORELEASING = YES;
				CLANG_WARN_BOOL_CONVERSION = YES;
				CLANG_WARN_COMMA = YES;
				CLANG_WARN_CONSTANT_CONVERSION = YES;
				CLANG_WARN_DEPRECATED_OBJC_IMPLEMENTATIONS = YES;
				CLANG_WARN_DIRECT_OBJC_ISA_USAGE = YES_ERROR;
				CLANG_WARN_DOCUMENTATION_COMMENTS = YES;
				CLANG_WARN_EMPTY_BODY = YES;
				CLANG_WARN_ENUM_CONVERSION = YES;
				CLANG_WARN_INFINITE_RECURSION = YES;
				CLANG_WARN_INT_CONVERSION = YES;
				CLANG_WARN_NON_LITERAL_NULL_CONVERSION = YES;
				CLANG_WARN_OBJC_IMPLICIT_RETAIN_SELF = YES;
				CLANG_WARN_OBJC_LITERAL_CONVERSION = YES;
				CLANG_WARN_OBJC_ROOT_CLASS = YES_ERROR;
				CLANG_WARN_RANGE_LOOP_ANALYSIS = YES;
				CLANG_WARN_STRICT_PROTOTYPES = YES;
				CLANG_WARN_SUSPICIOUS_MOVE = YES;
				CLANG_WARN_UNGUARDED_AVAILABILITY = YES_AGGRESSIVE;
				CLANG_WARN_UNREACHABLE_CODE = YES;
				CLANG_WARN__DUPLICATE_METHOD_MATCH = YES;
				CODE_SIGN_IDENTITY = "iPhone Developer";
				COPY_PHASE_STRIP = NO;
				DEBUG_INFORMATION_FORMAT = "dwarf-with-dsym";
				ENABLE_NS_ASSERTIONS = NO;
				ENABLE_STRICT_OBJC_MSGSEND = YES;
				GCC_C_LANGUAGE_STANDARD = gnu11;
				GCC_NO_COMMON_BLOCKS = YES;
				GCC_WARN_64_TO_32_BIT_CONVERSION = YES;
				GCC_WARN_ABOUT_RETURN_TYPE = YES_ERROR;
				GCC_WARN_UNDECLARED_SELECTOR = YES;
				GCC_WARN_UNINITIALIZED_AUTOS = YES_AGGRESSIVE;
				GCC_WARN_UNUSED_FUNCTION = YES;
				GCC_WARN_UNUSED_VARIABLE = YES;
				IPHONEOS_DEPLOYMENT_TARGET = 11.3;
				MTL_ENABLE_DEBUG_INFO = NO;
				SDKROOT = iphoneos;
				SWIFT_COMPILATION_MODE = wholemodule;
				SWIFT_OPTIMIZATION_LEVEL = "-O";
				VALIDATE_PRODUCT = YES;
			};
			name = Release;
		};
		EEF315B620961BC000A80023 /* Debug */ = {
			isa = XCBuildConfiguration;
			baseConfigurationReference = 3193A0EEBBE94785DCD87F8D /* Pods-Todoey.debug.xcconfig */;
			buildSettings = {
				ASSETCATALOG_COMPILER_APPICON_NAME = AppIcon;
				CODE_SIGN_STYLE = Automatic;
				DEVELOPMENT_TEAM = F966R49ZT6;
				INFOPLIST_FILE = Todoey/Info.plist;
				LD_RUNPATH_SEARCH_PATHS = (
					"$(inherited)",
					"@executable_path/Frameworks",
				);
				PRODUCT_BUNDLE_IDENTIFIER = com.mwamuka.Todoey;
				PRODUCT_NAME = "$(TARGET_NAME)";
				SWIFT_VERSION = 4.0;
				TARGETED_DEVICE_FAMILY = "1,2";
			};
			name = Debug;
		};
		EEF315B720961BC000A80023 /* Release */ = {
			isa = XCBuildConfiguration;
			baseConfigurationReference = 4E5EEA9838BEF8C935515879 /* Pods-Todoey.release.xcconfig */;
			buildSettings = {
				ASSETCATALOG_COMPILER_APPICON_NAME = AppIcon;
				CODE_SIGN_STYLE = Automatic;
				DEVELOPMENT_TEAM = F966R49ZT6;
				INFOPLIST_FILE = Todoey/Info.plist;
				LD_RUNPATH_SEARCH_PATHS = (
					"$(inherited)",
					"@executable_path/Frameworks",
				);
				PRODUCT_BUNDLE_IDENTIFIER = com.mwamuka.Todoey;
				PRODUCT_NAME = "$(TARGET_NAME)";
				SWIFT_VERSION = 4.0;
				TARGETED_DEVICE_FAMILY = "1,2";
			};
			name = Release;
		};
/* End XCBuildConfiguration section */

/* Begin XCConfigurationList section */
		EEF3159E20961BC000A80023 /* Build configuration list for PBXProject "Todoey" */ = {
			isa = XCConfigurationList;
			buildConfigurations = (
				EEF315B320961BC000A80023 /* Debug */,
				EEF315B420961BC000A80023 /* Release */,
			);
			defaultConfigurationIsVisible = 0;
			defaultConfigurationName = Release;
		};
		EEF315B520961BC000A80023 /* Build configuration list for PBXNativeTarget "Todoey" */ = {
			isa = XCConfigurationList;
			buildConfigurations = (
				EEF315B620961BC000A80023 /* Debug */,
				EEF315B720961BC000A80023 /* Release */,
			);
			defaultConfigurationIsVisible = 0;
			defaultConfigurationName = Release;
		};
/* End XCConfigurationList section */
	};
	rootObject = EEF3159B20961BC000A80023 /* Project object */;
}
